PODS:
  - Fabric (1.6.8)
  - HoverConversion (0.3.1):
    - MisterFusion (~> 2.0.0)
  - MisterFusion (2.0.1)
  - TouchVisualizer (2.0.1)
  - TwitterCore (2.4.0):
    - Fabric
  - TwitterKit (2.4.0):
    - TwitterCore (= 2.4.0)

DEPENDENCIES:
  - Fabric
  - HoverConversion (from `../`)
  - TouchVisualizer (~> 2.0.1)
  - TwitterCore
  - TwitterKit

EXTERNAL SOURCES:
  HoverConversion:
    :path: "../"

SPEC CHECKSUMS:
  Fabric: 5755268d0171435ab167e3d0878a28a777deaf10
  HoverConversion: d0ecc0c9a5bb17bfefa32c744dfa605cd66a39a9
  MisterFusion: d42cac7afe8318c282bcda93396eba0aef45d30e
  TouchVisualizer: d1bd1b438d084245332c222d9e14416c271c5f25
  TwitterCore: a139904c80805ad3dde9eef1100704f96f646d1d
  TwitterKit: 1cf9742edf9d182c1518cfdd6aaac0dfe313b38b

PODFILE CHECKSUM: 13ce710cc2a6620a1d2e5917681efbec3e30ebe5

COCOAPODS: 1.1.0.rc.2
